
Microsoft Visual Studio Solution File, Format Version 11.00
# Visual Studio 2010
Project("{FAE04EC0-301F-11D3-BF4B-00C04F79EFBC}") = "ControleKanban", "ControleKanban\ControleKanban.csproj", "{23912cc3-63e5-4944-bc7e-634b175ec76a}"
EndProject
Global
	GlobalSection(SolutionConfigurationPlatforms) = preSolution
		Debug|Any CPU = Debug|Any CPU
		Release|Any CPU = Release|Any CPU
	EndGlobalSection
	GlobalSection(ProjectConfigurationPlatforms) = postSolution
		{23912CC3-63E5-4944-BC7E-634B175EC76A}.Debug|Any CPU.ActiveCfg = Debug|Any CPU
		{23912CC3-63E5-4944-BC7E-634B175EC76A}.Debug|Any CPU.Build.0 = Debug|Any CPU
		{23912CC3-63E5-4944-BC7E-634B175EC76A}.Release|Any CPU.ActiveCfg = Release|Any CPU
		{23912CC3-63E5-4944-BC7E-634B175EC76A}.Release|Any CPU.Build.0 = Release|Any CPU
	EndGlobalSection
EndGlobal
